{
  "version": 1,
  "dependencies": {
    ".NETnanoFramework,Version=v1.0": {
      "nanoFramework.CoreLibrary": {
        "type": "Direct",
        "requested": "[1.12.0, 1.12.0]",
        "resolved": "1.12.0",
        "contentHash": "qQrFNXmJiStMC4VXk5cVMOJp23/qlT9FW5i9i+igwQVwraQTtvpkam8yK1hj992jqrbjoCIFZP4Hw9E8H0pB7w=="
      },
      "nanoFramework.Runtime.Events": {
        "type": "Direct",
        "requested": "[1.11.1, 1.11.1]",
        "resolved": "1.11.1",
        "contentHash": "hHRPhNagq1T0oN9QJfPOqreuWUV42DJamT0f7GrPQvrOYcr9ne4YTZq8MIpudvKtSALs50iYqxJ+raOF2CiNsA=="
      },
      "nanoFramework.System.Collections": {
        "type": "Direct",
        "requested": "[1.4.0, 1.4.0]",
        "resolved": "1.4.0",
        "contentHash": "/yFwxtCFzi+24NuyxcwlH1YyBGOxRX4oHGLwVmFbgbvOyx3ny/Mwyk2YjHTzmTSgUg9C2XxPF+EkXWwCOAkytw=="
      },
      "nanoFramework.System.IO.Streams": {
        "type": "Direct",
        "requested": "[1.1.15, 1.1.15]",
        "resolved": "1.1.15",
        "contentHash": "eb7Zz3G301mgRo13n609wZvyaXZ/C9unPYn5Vz34OAEdGX1RDJufpcW+2v28ux3goj8x2BXuj717d4VVVJUotA=="
      },
      "nanoFramework.System.Net": {
        "type": "Direct",
        "requested": "[1.10.27, 1.10.27]",
        "resolved": "1.10.27",
        "contentHash": "UlX3nXxxTv5YRDbQSpQRfT5YSo3P8ZuvyACf6JlSBFSOhG1Kybv2b5KfyXfTnSJltxmoKJIYfOtkrZ+ZdtefSw=="
      },
      "nanoFramework.System.Net.Http.Server": {
        "type": "Direct",
        "requested": "[1.5.37, 1.5.37]",
        "resolved": "1.5.37",
        "contentHash": "ucrv4brrCdUOATdWRFuUrRizUnEnIx+s0GVCMlduO/K94j9dxPIAO7adwXbaxCLV8zWljuUE3vVtE7cxqggPNg=="
      },
      "nanoFramework.System.Text": {
        "type": "Direct",
        "requested": "[1.2.15, 1.2.15]",
        "resolved": "1.2.15",
        "contentHash": "W6msO13WmdxzwcGK+fNLWOYZ4FH9NUVbhKVwICSLJg+esfKHF1HwVIPHZwfbrg51wBtnpb+mZTlA23Cx5CqNng=="
      },
      "nanoFramework.System.Threading": {
        "type": "Direct",
        "requested": "[1.1.8, 1.1.8]",
        "resolved": "1.1.8",
        "contentHash": "oES5GN3KHoDzifRNr06WM7P9NaQf+kDmIYkr1ETR2awmERHz4sRpECduGEatwyo1vMhMvZY/KoBcEpAyKNbDgQ=="
      },
      "nanoFramework.Windows.Storage": {
        "type": "Direct",
        "requested": "[1.5.13, 1.5.13]",
        "resolved": "1.5.13",
        "contentHash": "3UoX/bj2qwcKbJunHCZfYgsUX9l/TlQmbm6yG9o/jQ56CJNztbC24n18TJ6lwVU6++rz0nqvnSI6eS/Wq/lcNg=="
      },
      "nanoFramework.Windows.Storage.Streams": {
        "type": "Direct",
        "requested": "[1.14.13, 1.14.13]",
        "resolved": "1.14.13",
        "contentHash": "amk+bfH8pYEci1inkMRnI7mWv/rFJPhjkLFSAdZDiSA1woTrR57FNemx18LsTphma9Ggq/r06Ev4f9wQrqUMoQ=="
      },
      "Nerdbank.GitVersioning": {
        "type": "Direct",
        "requested": "[3.5.113, 3.5.113]",
        "resolved": "3.5.113",
        "contentHash": "4fBSMkqhi410qlkjPm+Mxfk8iO3C7dmgdVS7ljsfVO21WEzZCHP1VCOqB6rlOPfPidR/oxX+/Do/I7meCAz+Jg=="
      }
    }
  }
}