{
  "version": 1,
  "dependencies": {
    ".NETnanoFramework,Version=v1.0": {
      "nanoFramework.CoreLibrary": {
        "type": "Direct",
        "requested": "[1.14.2, 1.14.2]",
        "resolved": "1.14.2",
        "contentHash": "j1mrz4mitl5LItvmHMsw1aHzCAfvTTgIkRxA0mhs5mSpctJ/BBcuNwua5j3MspfRNKreCQPy/qZy/D9ADLL/PA=="
      },
      "nanoFramework.Runtime.Events": {
        "type": "Direct",
        "requested": "[1.11.6, 1.11.6]",
        "resolved": "1.11.6",
        "contentHash": "xkltRh/2xKaZ9zmPHbVr32s1k+e17AInUBhzxKKkUDicJKF39yzTShSklb1OL6DBER5z71SpkGLyl9IdMK9l6w=="
      },
      "nanoFramework.System.Collections": {
        "type": "Direct",
        "requested": "[1.5.18, 1.5.18]",
        "resolved": "1.5.18",
        "contentHash": "F8FzaUC5D2xd6eQja33EYcknOFqWT+YEcnEn849ILJTGSedVFylUREEuoGULbCrnuuLx417hDzWny+B78Qi67g=="
      },
      "nanoFramework.System.IO.Streams": {
        "type": "Direct",
        "requested": "[1.1.38, 1.1.38]",
        "resolved": "1.1.38",
        "contentHash": "qEtu/lMDtr5kPKc939vO3uX8h+W0/+Qx2N3Zx005JxqGiL71e4ScecEyGPIp8v1MzRd9pkoxInUb6jOAh+eyXA=="
      },
      "nanoFramework.System.Net": {
        "type": "Direct",
        "requested": "[1.10.52, 1.10.52]",
        "resolved": "1.10.52",
        "contentHash": "XKxtB7DYUnuePJRgBi37kLLAOzVcGk4l3YU7MgHv5RlIdN0pECQiv/DJXVt1HiGBQc318Zn8Zrd4uO5Nelxrig=="
      },
      "nanoFramework.System.Net.Http.Server": {
        "type": "Direct",
        "requested": "[1.5.82, 1.5.82]",
        "resolved": "1.5.82",
        "contentHash": "JxEeRlxz2yt2S6NgwOvcglQjR4/JiTuVDZ9kCsxUAyWQ7LH/EfkjlRS+czG9OxDJTiaamD11ZSbxGDFnMxF83g=="
      },
      "nanoFramework.System.Text": {
        "type": "Direct",
        "requested": "[1.2.37, 1.2.37]",
        "resolved": "1.2.37",
        "contentHash": "ORgRq0HSynSBhlXRTHdhzZiOdq/nRhdnX+DeIGw56y9OSc8dvqUz6elm97Jz+4WQ6ikpvs5PFGINAa35kBebwQ=="
      },
      "nanoFramework.System.Threading": {
        "type": "Direct",
        "requested": "[1.1.19, 1.1.19]",
        "resolved": "1.1.19",
        "contentHash": "HjnY0DNoFnU+t1GiH8Wgf7pJCD9yMOcLVtAZXVAhstMKisVN/MDj9TvfXxZScRIz7ZDoZYUnb+Ixfl6rqyppvA=="
      },
      "nanoFramework.Windows.Storage": {
        "type": "Direct",
        "requested": "[1.5.33, 1.5.33]",
        "resolved": "1.5.33",
        "contentHash": "9BDmxivx3h/2MfoXcTAUYhZny6iaDN9DwAngx7OrQNvXFgzdbOTMTB17Qcy0iA9EUqTr6HG8TuE2tv2loyNeIA=="
      },
      "nanoFramework.Windows.Storage.Streams": {
        "type": "Direct",
        "requested": "[1.14.24, 1.14.24]",
        "resolved": "1.14.24",
        "contentHash": "dApgYplMFRUTp7izZxvduXgl9B7oqVPqqagkYXFf6cRJRC3Og0y2JZTVJdhGPW/ud0U0+rvjqXOU+1CtEzv88A=="
      },
      "Nerdbank.GitVersioning": {
        "type": "Direct",
        "requested": "[3.5.119, 3.5.119]",
        "resolved": "3.5.119",
        "contentHash": "x8k4zV6YKZA5Rr810439lG9NngdbyPtFv0QpIYz32m1Im59kvSbEHO8gKGZoNvsfZSquayjEDUCa8acbut372g=="
      }
    }
  }
}