{
  "version": 1,
  "dependencies": {
    ".NETnanoFramework,Version=v1.0": {
      "nanoFramework.CoreLibrary": {
        "type": "Direct",
        "requested": "[1.12.0, 1.12.0]",
        "resolved": "1.12.0",
        "contentHash": "qQrFNXmJiStMC4VXk5cVMOJp23/qlT9FW5i9i+igwQVwraQTtvpkam8yK1hj992jqrbjoCIFZP4Hw9E8H0pB7w=="
      },
      "nanoFramework.Runtime.Events": {
        "type": "Direct",
        "requested": "[1.11.1, 1.11.1]",
        "resolved": "1.11.1",
        "contentHash": "hHRPhNagq1T0oN9QJfPOqreuWUV42DJamT0f7GrPQvrOYcr9ne4YTZq8MIpudvKtSALs50iYqxJ+raOF2CiNsA=="
      },
      "nanoFramework.System.Collections": {
        "type": "Direct",
        "requested": "[1.4.0, 1.4.0]",
        "resolved": "1.4.0",
        "contentHash": "/yFwxtCFzi+24NuyxcwlH1YyBGOxRX4oHGLwVmFbgbvOyx3ny/Mwyk2YjHTzmTSgUg9C2XxPF+EkXWwCOAkytw=="
      },
      "nanoFramework.System.IO.Streams": {
        "type": "Direct",
        "requested": "[1.1.22, 1.1.22]",
        "resolved": "1.1.22",
        "contentHash": "i4Dt/7hXvQhkTR5aviUpO+MUCBAJV1DSgR+cZg1h6CG99WARytGElstMQVMt5E/8GGuJx64+bHmjgv8fWUDLcw=="
      },
      "nanoFramework.System.Net": {
        "type": "Direct",
        "requested": "[1.10.30, 1.10.30]",
        "resolved": "1.10.30",
        "contentHash": "V1ehozqsGAw4e0Z49IUcB0cGAfiTOzY1P4ag4uLLTDs7wvNGtqql/L82jTho5F7Zy43/M6ScL/jFQmgi01WSCg=="
      },
      "nanoFramework.System.Net.Http.Server": {
        "type": "Direct",
        "requested": "[1.5.43, 1.5.43]",
        "resolved": "1.5.43",
        "contentHash": "2guwfI0mmpVaCcs2tJhlGRs0RCJnVlFIu7Wza4hTsJpqY0NNYC37KArt4ED3sbnXPrumztIx+d4mBV3ytFWHXA=="
      },
      "nanoFramework.System.Text": {
        "type": "Direct",
        "requested": "[1.2.17, 1.2.17]",
        "resolved": "1.2.17",
        "contentHash": "hBd9Vmfx2Q5wnDmkdZkJ5wy1+7XyzciehAMSI2jfyHK9OM4uPJDiZVqNQMa6UxLRu1uOvIpFxGKIP4Qih/+Vnw=="
      },
      "nanoFramework.System.Threading": {
        "type": "Direct",
        "requested": "[1.1.8, 1.1.8]",
        "resolved": "1.1.8",
        "contentHash": "oES5GN3KHoDzifRNr06WM7P9NaQf+kDmIYkr1ETR2awmERHz4sRpECduGEatwyo1vMhMvZY/KoBcEpAyKNbDgQ=="
      },
      "nanoFramework.Windows.Storage": {
        "type": "Direct",
        "requested": "[1.5.17, 1.5.17]",
        "resolved": "1.5.17",
        "contentHash": "k0yLtGHYoiQkN6lPKXQsFwoccpTRrrdFze3t0Wa4DMst1P5Zyc63HkHIlX9rRj6ehM59G46uHpMhiJOL4yLAzw=="
      },
      "nanoFramework.Windows.Storage.Streams": {
        "type": "Direct",
        "requested": "[1.14.15, 1.14.15]",
        "resolved": "1.14.15",
        "contentHash": "eIwTdcNuQkit3SUMRcVxcgGD/XdVo7hmIPG7trPFC8vhQ5tpWIa95HWUWWTGzq4LGBCF+UhPeGMGT+PwqLm07Q=="
      },
      "Nerdbank.GitVersioning": {
        "type": "Direct",
        "requested": "[3.5.119, 3.5.119]",
        "resolved": "3.5.119",
        "contentHash": "x8k4zV6YKZA5Rr810439lG9NngdbyPtFv0QpIYz32m1Im59kvSbEHO8gKGZoNvsfZSquayjEDUCa8acbut372g=="
      }
    }
  }
}