{
  "version": 1,
  "dependencies": {
    ".NETnanoFramework,Version=v1.0": {
      "nanoFramework.CoreLibrary": {
        "type": "Direct",
        "requested": "[1.16.1, 1.16.1]",
        "resolved": "1.16.1",
        "contentHash": "pUQR6+CuheWC6UXkiIXhmknPkm50OYuKs6TcIBieV50D1R991QSJUFWjM1AixT/37REh8rzx2OAPgX6YDs06zA=="
      },
      "nanoFramework.Json": {
        "type": "Direct",
        "requested": "[2.2.164, 2.2.164]",
        "resolved": "2.2.164",
        "contentHash": "z/lmlTk120ixXtSCR5F5/VzcJHe0ArhN47PglVWsVOcnXKiig9x+K6RFBmDDpCU6uL5KiThWWW4zZWNfj6We/Q=="
      },
      "nanoFramework.Runtime.Events": {
        "type": "Direct",
        "requested": "[1.11.26, 1.11.26]",
        "resolved": "1.11.26",
        "contentHash": "xFkgVKv2mnTEwXwNS3lqf2TH4b26TZhq1gqCWPCmLnA6tEpfNP6dpWkm9kwrQ7R2VIdDOtyi3CZhLNAB2bPARg=="
      },
      "nanoFramework.System.Collections": {
        "type": "Direct",
        "requested": "[1.5.56, 1.5.56]",
        "resolved": "1.5.56",
        "contentHash": "epfglXpETWAi0UXqMYH+kqPVpQdjEcGnHCS3kitSVW3bGQ44qwNtXbjVGEWLjUUlRaaIn4ngwOOa9SVbf8qaqw=="
      },
      "nanoFramework.System.IO.Streams": {
        "type": "Direct",
        "requested": "[1.1.82, 1.1.82]",
        "resolved": "1.1.82",
        "contentHash": "SwKS8WaoJG1JPtN8xVRxwi8mHR5mufoNaIv4TEouMMyF9tkbcoThUUuyf4iR7q/192Bt1t73synjnBH9vcChvg=="
      },
      "nanoFramework.System.Net": {
        "type": "Direct",
        "requested": "[1.11.23, 1.11.23]",
        "resolved": "1.11.23",
        "contentHash": "Yqd1CuCSVq70BXaAr/kOzf2ejEf+RzeUcp01Y6flY0b+5NPXElHgHTE7+InTW2p73wYwWeBuPiifWPOByrQ/xg=="
      },
      "nanoFramework.System.Net.Http.Server": {
        "type": "Direct",
        "requested": "[1.5.171, 1.5.171]",
        "resolved": "1.5.171",
        "contentHash": "5ZtGiFwXnW3x75Tib856W/qg+XJSxjgGu4Fg+g/foyRHE0HrH3lXHSK+0e1VKAVjO3IpSiG08MwcDiEDeqIBlA=="
      },
      "nanoFramework.System.Text": {
        "type": "Direct",
        "requested": "[1.3.9, 1.3.9]",
        "resolved": "1.3.9",
        "contentHash": "IVQ+Hsu6KqFzvFC13cjAA4/J/1wi44Xa7GOu4R47v24HogsXKKus6Pn4icR2pffpLoythCVgX8L1qSiqTuPOEg=="
      },
      "nanoFramework.System.Threading": {
        "type": "Direct",
        "requested": "[1.1.45, 1.1.45]",
        "resolved": "1.1.45",
        "contentHash": "EP2Val4trUWO0v9ci2N5jMD+92D8E+1ahbyhS0BwKXXuH5nvPUlDe8K7EOk6SSY6BymXF/RM2zWfo1Ja3YhIig=="
      },
      "nanoFramework.TestFramework": {
        "type": "Direct",
        "requested": "[3.0.57, 3.0.57]",
        "resolved": "3.0.57",
        "contentHash": "cVStR5Fg+Qk1ClDG5y5ep7v1oH9TTXD35o/vkElYQYo/mrpuo1RVBOu4BNe2caT0RKZqJnFZYiTO9mg+UnxITQ=="
      }
    }
  }
}