{
  "version": 1,
  "dependencies": {
    ".NETnanoFramework,Version=v1.0": {
      "nanoFramework.CoreLibrary": {
        "type": "Direct",
        "requested": "[1.15.5, 1.15.5]",
        "resolved": "1.15.5",
        "contentHash": "u2+GvAp1uxLrGdILACAZy+EVKOs28EQ52j8Lz7599egXZ3GBGejjnR2ofhjMQwzrJLlgtyrsx8nSLngDfJNsAg=="
      },
      "nanoFramework.Runtime.Events": {
        "type": "Direct",
        "requested": "[1.11.15, 1.11.15]",
        "resolved": "1.11.15",
        "contentHash": "3uDNSTfiaewDAyi6fOMWYru0JCn/gr8DEv+Ro/V12SzojU9Dyxl5nSVOBtBXts7vErfIthB6SPiK180AMnrI8A=="
      },
      "nanoFramework.System.Collections": {
        "type": "Direct",
        "requested": "[1.5.31, 1.5.31]",
        "resolved": "1.5.31",
        "contentHash": "q7G0BHkbhUzpUJiOQNlZZDSMcZEU2/QJBDiSEQAF23wOya4EBaCXS74jAVcEfkHBgOkF413jKZq5vldpjqUfUw=="
      },
      "nanoFramework.System.IO.FileSystem": {
        "type": "Direct",
        "requested": "[1.1.28, 1.1.28]",
        "resolved": "1.1.28",
        "contentHash": "7h14gtU9ViHhXSbTvfq1el+RUboFEC2BweLbxpJoX3zdQvE+DCxuALoBV4cLv5rtWuHvLpPMD7J7OASIToH+1A=="
      },
      "nanoFramework.System.IO.Streams": {
        "type": "Direct",
        "requested": "[1.1.38, 1.1.38]",
        "resolved": "1.1.38",
        "contentHash": "qEtu/lMDtr5kPKc939vO3uX8h+W0/+Qx2N3Zx005JxqGiL71e4ScecEyGPIp8v1MzRd9pkoxInUb6jOAh+eyXA=="
      },
      "nanoFramework.System.Net": {
        "type": "Direct",
        "requested": "[1.10.62, 1.10.62]",
        "resolved": "1.10.62",
        "contentHash": "MR4PIS7J+LyPU6jSbVu0+tdeBb3lXo7xPun+C0Q3zMpc9YPPCsI7euko4O3Q4T7VSbtjeA3dDfI0fsefcgVRUA=="
      },
      "nanoFramework.System.Net.Http.Server": {
        "type": "Direct",
        "requested": "[1.5.108, 1.5.108]",
        "resolved": "1.5.108",
        "contentHash": "E98OzpoclQsXtZ5CZmCRzkyCzcjwcpzWMMpkYFKnMgyDOrPi5v//hybUbkisXZ7XTogYQyIcbiR4dzpVMBwa/w=="
      },
      "nanoFramework.System.Text": {
        "type": "Direct",
        "requested": "[1.2.37, 1.2.37]",
        "resolved": "1.2.37",
        "contentHash": "ORgRq0HSynSBhlXRTHdhzZiOdq/nRhdnX+DeIGw56y9OSc8dvqUz6elm97Jz+4WQ6ikpvs5PFGINAa35kBebwQ=="
      },
      "nanoFramework.System.Threading": {
        "type": "Direct",
        "requested": "[1.1.19, 1.1.19]",
        "resolved": "1.1.19",
        "contentHash": "HjnY0DNoFnU+t1GiH8Wgf7pJCD9yMOcLVtAZXVAhstMKisVN/MDj9TvfXxZScRIz7ZDoZYUnb+Ixfl6rqyppvA=="
      },
      "Nerdbank.GitVersioning": {
        "type": "Direct",
        "requested": "[3.6.133, 3.6.133]",
        "resolved": "3.6.133",
        "contentHash": "VZWMd5YAeDxpjWjAP/X6bAxnRMiEf6tES/ITN0X5CHJgkWLLeHGmEALivmTAfYM6P+P/3Szy6VCITUAkqjcHVw=="
      }
    }
  }
}