{
  "version": 1,
  "dependencies": {
    ".NETnanoFramework,Version=v1.0": {
      "nanoFramework.CoreLibrary": {
        "type": "Direct",
        "requested": "[1.17.7, 1.17.7]",
        "resolved": "1.17.7",
        "contentHash": "LbP1JJXV5g9cSxb4TgWBIFHXtW6fpKHy/FcylOHAn8WAh/smkyWRrwzEj4784QvScNi/b07zn+A5/JpmDvLc1A=="
      },
      "nanoFramework.Runtime.Events": {
        "type": "Direct",
        "requested": "[1.11.31, 1.11.31]",
        "resolved": "1.11.31",
        "contentHash": "VvrHqbBRh3AF6iNW/ZDyFRGMkpz1P6GLvqpU187t1l0Ejhdsisf5VLL2grwqbd62mBeW3MGJLn5OZKJ55jlnqg=="
      },
      "nanoFramework.System.Collections": {
        "type": "Direct",
        "requested": "[1.5.63, 1.5.63]",
        "resolved": "1.5.63",
        "contentHash": "TuYK0RwyRovRal7HBwVsfJDT7qSKa+6sk16kcV7p+VOPD4h8Pi7Qo0v2BbwAL5YWS+4wTTEWr0JgwOrYpGVrtA=="
      },
      "nanoFramework.System.Device.Wifi": {
        "type": "Direct",
        "requested": "[1.5.126, 1.5.126]",
        "resolved": "1.5.126",
        "contentHash": "7Y3y8xsCzBT7Nm2Y0qy1Jd0xEffL6wXs8nWdxuARiGRBs6XDjH/NwMeEgsWqtPCnm77Bp5XxkPtXjfjPseGacg=="
      },
      "nanoFramework.System.IO.FileSystem": {
        "type": "Direct",
        "requested": "[1.1.82, 1.1.82]",
        "resolved": "1.1.82",
        "contentHash": "8kO+yQM9HozwXylXfJuU6SdZ1Wiem4DQEMLOzLvOdlHRoZli+HRCoALkVrtK45kimsAuSKVAw1BF36TKOtlt1A=="
      },
      "nanoFramework.System.IO.Streams": {
        "type": "Direct",
        "requested": "[1.1.89, 1.1.89]",
        "resolved": "1.1.89",
        "contentHash": "dXDRUuNW8tJgJekTGP/EA5MVMGfeBeIDfTMlFyN1OHN9Yq0OyiKp/NiLjwtiak4o7uLn/03x76vlCFju7yhIHg=="
      },
      "nanoFramework.System.Net": {
        "type": "Direct",
        "requested": "[1.11.35, 1.11.35]",
        "resolved": "1.11.35",
        "contentHash": "X2CPCjqW4OD468GjuF19EfFqKSTBWsAcJWTLYIDfrJ7cztK4Jmu19iOUKnIwPyv8ew/krEklGYmbsQ5ocFzX+g=="
      },
      "nanoFramework.System.Net.Http.Server": {
        "type": "Direct",
        "requested": "[1.5.186, 1.5.186]",
        "resolved": "1.5.186",
        "contentHash": "GPDnNM/6fuTU/D53dzkIVdKbD6ZoZyhElDCEUWKobGDXJh8i8tw4u+2ESMbOIGBFjOnRFRPO+/m/DhXyMS58gw=="
      },
      "nanoFramework.System.Text": {
        "type": "Direct",
        "requested": "[1.3.36, 1.3.36]",
        "resolved": "1.3.36",
        "contentHash": "qO0BrmYX4+iV5MSVSIIOSnyPx9Odvgb5Y9hGDWgUCQUGrPG32WPq6YGhTQMK2UIIu3yfB9Nsu2hPhjVSpFYMMA=="
      },
      "nanoFramework.System.Threading": {
        "type": "Direct",
        "requested": "[1.1.50, 1.1.50]",
        "resolved": "1.1.50",
        "contentHash": "L0TQAdPWYrh19vI+3UGAuSIvSTHKG3dLyh/tuC5R5PryRnYvCILBWvgfadEPpEUenybF3cuBPOIMe7MZB12HGw=="
      }
    }
  }
}